
Microsoft Visual Studio Solution File, Format Version 12.00
# Visual Studio Version 17
VisualStudioVersion = 17.0.32112.339
MinimumVisualStudioVersion = 10.0.40219.1
Project("{9A19103F-16F7-4668-BE54-9A1E7A4F7556}") = "DemoBlogWeb", "DemoBlogWeb\DemoBlogWeb.csproj", "{6D0635F7-5B1F-4ECE-B12B-0F900F402EB9}"
EndProject
Project("{9A19103F-16F7-4668-BE54-9A1E7A4F7556}") = "DemoBlog.UITests", "CreditCards.UITests\DemoBlog.UITests.csproj", "{A880FF5A-746B-4920-9B35-5F6892567CDD}"
EndProject
Global
	GlobalSection(SolutionConfigurationPlatforms) = preSolution
		Debug|Any CPU = Debug|Any CPU
		Release|Any CPU = Release|Any CPU
	EndGlobalSection
	GlobalSection(ProjectConfigurationPlatforms) = postSolution
		{6D0635F7-5B1F-4ECE-B12B-0F900F402EB9}.Debug|Any CPU.ActiveCfg = Debug|Any CPU
		{6D0635F7-5B1F-4ECE-B12B-0F900F402EB9}.Debug|Any CPU.Build.0 = Debug|Any CPU
		{6D0635F7-5B1F-4ECE-B12B-0F900F402EB9}.Release|Any CPU.ActiveCfg = Release|Any CPU
		{6D0635F7-5B1F-4ECE-B12B-0F900F402EB9}.Release|Any CPU.Build.0 = Release|Any CPU
		{A880FF5A-746B-4920-9B35-5F6892567CDD}.Debug|Any CPU.ActiveCfg = Debug|Any CPU
		{A880FF5A-746B-4920-9B35-5F6892567CDD}.Debug|Any CPU.Build.0 = Debug|Any CPU
		{A880FF5A-746B-4920-9B35-5F6892567CDD}.Release|Any CPU.ActiveCfg = Release|Any CPU
		{A880FF5A-746B-4920-9B35-5F6892567CDD}.Release|Any CPU.Build.0 = Release|Any CPU
	EndGlobalSection
	GlobalSection(SolutionProperties) = preSolution
		HideSolutionNode = FALSE
	EndGlobalSection
	GlobalSection(ExtensibilityGlobals) = postSolution
		SolutionGuid = {B90AD28F-78D8-458E-9A77-DC6F1BB900AE}
	EndGlobalSection
EndGlobal
